
Microsoft Visual Studio Solution File, Format Version 12.00
# Visual Studio Version 17
VisualStudioVersion = 17.2.32602.215
MinimumVisualStudioVersion = 10.0.40219.1
Project("{FAE04EC0-301F-11D3-BF4B-00C04F79EFBC}") = "ClinicaOdontologica", "ClinicaOdontologica\ClinicaOdontologica.csproj", "{BEB29D63-9CA2-4D86-AF4D-A9E556EE35A8}"
EndProject
Global
	GlobalSection(SolutionConfigurationPlatforms) = preSolution
		Debug|Any CPU = Debug|Any CPU
		Release|Any CPU = Release|Any CPU
	EndGlobalSection
	GlobalSection(ProjectConfigurationPlatforms) = postSolution
		{BEB29D63-9CA2-4D86-AF4D-A9E556EE35A8}.Debug|Any CPU.ActiveCfg = Debug|Any CPU
		{BEB29D63-9CA2-4D86-AF4D-A9E556EE35A8}.Debug|Any CPU.Build.0 = Debug|Any CPU
		{BEB29D63-9CA2-4D86-AF4D-A9E556EE35A8}.Release|Any CPU.ActiveCfg = Release|Any CPU
		{BEB29D63-9CA2-4D86-AF4D-A9E556EE35A8}.Release|Any CPU.Build.0 = Release|Any CPU
	EndGlobalSection
	GlobalSection(SolutionProperties) = preSolution
		HideSolutionNode = FALSE
	EndGlobalSection
	GlobalSection(ExtensibilityGlobals) = postSolution
		SolutionGuid = {799C8AAD-F6B5-41EC-A0E5-2C8B69A1911C}
	EndGlobalSection
EndGlobal
